
Microsoft Visual Studio Solution File, Format Version 12.00
# Visual Studio Version 16
VisualStudioVersion = 16.0.32413.511
MinimumVisualStudioVersion = 10.0.40219.1
Project("{FAE04EC0-301F-11D3-BF4B-00C04F79EFBC}") = "Merge Two Binary Trees", "Merge Two Binary Trees\Merge Two Binary Trees.csproj", "{6855274D-8A61-4F06-991A-D636EE6BBE92}"
EndProject
Global
	GlobalSection(SolutionConfigurationPlatforms) = preSolution
		Debug|Any CPU = Debug|Any CPU
		Release|Any CPU = Release|Any CPU
	EndGlobalSection
	GlobalSection(ProjectConfigurationPlatforms) = postSolution
		{6855274D-8A61-4F06-991A-D636EE6BBE92}.Debug|Any CPU.ActiveCfg = Debug|Any CPU
		{6855274D-8A61-4F06-991A-D636EE6BBE92}.Debug|Any CPU.Build.0 = Debug|Any CPU
		{6855274D-8A61-4F06-991A-D636EE6BBE92}.Release|Any CPU.ActiveCfg = Release|Any CPU
		{6855274D-8A61-4F06-991A-D636EE6BBE92}.Release|Any CPU.Build.0 = Release|Any CPU
	EndGlobalSection
	GlobalSection(SolutionProperties) = preSolution
		HideSolutionNode = FALSE
	EndGlobalSection
	GlobalSection(ExtensibilityGlobals) = postSolution
		SolutionGuid = {B9D8F853-2399-41C5-9D60-E569F09F134E}
	EndGlobalSection
EndGlobal
